// !$*UTF8*$!
{
	archiveVersion = 1;
	classes = {
	};
	objectVersion = 55;
	objects = {

/* Begin PBXBuildFile section */
		F41F44B727128C2A00D4099E /* HomeViewRow.swift in Sources */ = {isa = PBXBuildFile; fileRef = F41F44B627128C2A00D4099E /* HomeViewRow.swift */; };
		F48854A9271725D4004F4B08 /* RetangleCard.swift in Sources */ = {isa = PBXBuildFile; fileRef = F48854A8271725D4004F4B08 /* RetangleCard.swift */; };
		F48854AB27172DA4004F4B08 /* TestView.swift in Sources */ = {isa = PBXBuildFile; fileRef = F48854AA27172DA4004F4B08 /* TestView.swift */; };
		F4CA06932712F40B00CAD589 /* LessonContentView.swift in Sources */ = {isa = PBXBuildFile; fileRef = F4CA06922712F40B00CAD589 /* LessonContentView.swift */; };
		F4CA06952713187600CAD589 /* LessonContentViewRow.swift in Sources */ = {isa = PBXBuildFile; fileRef = F4CA06942713187600CAD589 /* LessonContentViewRow.swift */; };
		F4CA06972713275700CAD589 /* LessonContentDetail.swift in Sources */ = {isa = PBXBuildFile; fileRef = F4CA06962713275700CAD589 /* LessonContentDetail.swift */; };
		F4CA069A27132CA000CAD589 /* AVKit.framework in Frameworks */ = {isa = PBXBuildFile; fileRef = F4CA069927132CA000CAD589 /* AVKit.framework */; };
		F4CA069C27132DC600CAD589 /* Constants.swift in Sources */ = {isa = PBXBuildFile; fileRef = F4CA069B27132DC600CAD589 /* Constants.swift */; };
		F4D857D22714662A00AD0EB3 /* MapView.swift in Sources */ = {isa = PBXBuildFile; fileRef = F4D857D12714662A00AD0EB3 /* MapView.swift */; };
		F4D857D4271469A600AD0EB3 /* CodeTextView.swift in Sources */ = {isa = PBXBuildFile; fileRef = F4D857D3271469A600AD0EB3 /* CodeTextView.swift */; };
		F4F3F338270FA02700FD3EA9 /* LearningApp.swift in Sources */ = {isa = PBXBuildFile; fileRef = F4F3F337270FA02700FD3EA9 /* LearningApp.swift */; };
		F4F3F33A270FA02700FD3EA9 /* HomeView.swift in Sources */ = {isa = PBXBuildFile; fileRef = F4F3F339270FA02700FD3EA9 /* HomeView.swift */; };
		F4F3F33C270FA02900FD3EA9 /* Assets.xcassets in Resources */ = {isa = PBXBuildFile; fileRef = F4F3F33B270FA02900FD3EA9 /* Assets.xcassets */; };
		F4F3F33F270FA02900FD3EA9 /* Preview Assets.xcassets in Resources */ = {isa = PBXBuildFile; fileRef = F4F3F33E270FA02900FD3EA9 /* Preview Assets.xcassets */; };
		F4F3F34B270FA2BE00FD3EA9 /* ContentModel.swift in Sources */ = {isa = PBXBuildFile; fileRef = F4F3F34A270FA2BE00FD3EA9 /* ContentModel.swift */; };
		F4F3F34E270FA55C00FD3EA9 /* data.json in Resources */ = {isa = PBXBuildFile; fileRef = F4F3F34C270FA55C00FD3EA9 /* data.json */; };
		F4F3F34F270FA55C00FD3EA9 /* style.html in Resources */ = {isa = PBXBuildFile; fileRef = F4F3F34D270FA55C00FD3EA9 /* style.html */; };
		F4F3F353270FAA5700FD3EA9 /* Module.swift in Sources */ = {isa = PBXBuildFile; fileRef = F4F3F352270FAA5700FD3EA9 /* Module.swift */; };
/* End PBXBuildFile section */

/* Begin PBXFileReference section */
		F41F44B627128C2A00D4099E /* HomeViewRow.swift */ = {isa = PBXFileReference; lastKnownFileType = sourcecode.swift; path = HomeViewRow.swift; sourceTree = "<group>"; };
		F48854A8271725D4004F4B08 /* RetangleCard.swift */ = {isa = PBXFileReference; lastKnownFileType = sourcecode.swift; path = RetangleCard.swift; sourceTree = "<group>"; };
		F48854AA27172DA4004F4B08 /* TestView.swift */ = {isa = PBXFileReference; lastKnownFileType = sourcecode.swift; path = TestView.swift; sourceTree = "<group>"; };
		F4CA06922712F40B00CAD589 /* LessonContentView.swift */ = {isa = PBXFileReference; lastKnownFileType = sourcecode.swift; path = LessonContentView.swift; sourceTree = "<group>"; };
		F4CA06942713187600CAD589 /* LessonContentViewRow.swift */ = {isa = PBXFileReference; lastKnownFileType = sourcecode.swift; path = LessonContentViewRow.swift; sourceTree = "<group>"; };
		F4CA06962713275700CAD589 /* LessonContentDetail.swift */ = {isa = PBXFileReference; lastKnownFileType = sourcecode.swift; path = LessonContentDetail.swift; sourceTree = "<group>"; };
		F4CA069927132CA000CAD589 /* AVKit.framework */ = {isa = PBXFileReference; lastKnownFileType = wrapper.framework; name = AVKit.framework; path = System/Library/Frameworks/AVKit.framework; sourceTree = SDKROOT; };
		F4CA069B27132DC600CAD589 /* Constants.swift */ = {isa = PBXFileReference; lastKnownFileType = sourcecode.swift; path = Constants.swift; sourceTree = "<group>"; };
		F4D857D12714662A00AD0EB3 /* MapView.swift */ = {isa = PBXFileReference; lastKnownFileType = sourcecode.swift; path = MapView.swift; sourceTree = "<group>"; };
		F4D857D3271469A600AD0EB3 /* CodeTextView.swift */ = {isa = PBXFileReference; lastKnownFileType = sourcecode.swift; path = CodeTextView.swift; sourceTree = "<group>"; };
		F4F3F334270FA02700FD3EA9 /* LearnApp.app */ = {isa = PBXFileReference; explicitFileType = wrapper.application; includeInIndex = 0; path = LearnApp.app; sourceTree = BUILT_PRODUCTS_DIR; };
		F4F3F337270FA02700FD3EA9 /* LearningApp.swift */ = {isa = PBXFileReference; lastKnownFileType = sourcecode.swift; path = LearningApp.swift; sourceTree = "<group>"; };
		F4F3F339270FA02700FD3EA9 /* HomeView.swift */ = {isa = PBXFileReference; lastKnownFileType = sourcecode.swift; path = HomeView.swift; sourceTree = "<group>"; };
		F4F3F33B270FA02900FD3EA9 /* Assets.xcassets */ = {isa = PBXFileReference; lastKnownFileType = folder.assetcatalog; path = Assets.xcassets; sourceTree = "<group>"; };
		F4F3F33E270FA02900FD3EA9 /* Preview Assets.xcassets */ = {isa = PBXFileReference; lastKnownFileType = folder.assetcatalog; path = "Preview Assets.xcassets"; sourceTree = "<group>"; };
		F4F3F34A270FA2BE00FD3EA9 /* ContentModel.swift */ = {isa = PBXFileReference; lastKnownFileType = sourcecode.swift; path = ContentModel.swift; sourceTree = "<group>"; };
		F4F3F34C270FA55C00FD3EA9 /* data.json */ = {isa = PBXFileReference; fileEncoding = 4; lastKnownFileType = text.json; path = data.json; sourceTree = "<group>"; };
		F4F3F34D270FA55C00FD3EA9 /* style.html */ = {isa = PBXFileReference; fileEncoding = 4; lastKnownFileType = text.html; path = style.html; sourceTree = "<group>"; };
		F4F3F352270FAA5700FD3EA9 /* Module.swift */ = {isa = PBXFileReference; lastKnownFileType = sourcecode.swift; path = Module.swift; sourceTree = "<group>"; };
/* End PBXFileReference section */

/* Begin PBXFrameworksBuildPhase section */
		F4F3F331270FA02700FD3EA9 /* Frameworks */ = {
			isa = PBXFrameworksBuildPhase;
			buildActionMask = 2147483647;
			files = (
				F4CA069A27132CA000CAD589 /* AVKit.framework in Frameworks */,
			);
			runOnlyForDeploymentPostprocessing = 0;
		};
/* End PBXFrameworksBuildPhase section */

/* Begin PBXGroup section */
		F4CA069827132CA000CAD589 /* Frameworks */ = {
			isa = PBXGroup;
			children = (
				F4CA069927132CA000CAD589 /* AVKit.framework */,
			);
			name = Frameworks;
			sourceTree = "<group>";
		};
		F4F3F32B270FA02700FD3EA9 = {
			isa = PBXGroup;
			children = (
				F4F3F336270FA02700FD3EA9 /* LearnApp */,
				F4F3F335270FA02700FD3EA9 /* Products */,
				F4CA069827132CA000CAD589 /* Frameworks */,
			);
			sourceTree = "<group>";
		};
		F4F3F335270FA02700FD3EA9 /* Products */ = {
			isa = PBXGroup;
			children = (
				F4F3F334270FA02700FD3EA9 /* LearnApp.app */,
			);
			name = Products;
			sourceTree = "<group>";
		};
		F4F3F336270FA02700FD3EA9 /* LearnApp */ = {
			isa = PBXGroup;
			children = (
				F4F3F337270FA02700FD3EA9 /* LearningApp.swift */,
				F4F3F349270FA29000FD3EA9 /* Helpers */,
				F4F3F348270FA28100FD3EA9 /* Resources */,
				F4F3F347270FA27500FD3EA9 /* Models */,
				F4F3F346270FA26C00FD3EA9 /* ViewModels */,
				F4F3F345270FA26600FD3EA9 /* Views */,
				F4F3F33B270FA02900FD3EA9 /* Assets.xcassets */,
				F4F3F33D270FA02900FD3EA9 /* Preview Content */,
			);
			path = LearnApp;
			sourceTree = "<group>";
		};
		F4F3F33D270FA02900FD3EA9 /* Preview Content */ = {
			isa = PBXGroup;
			children = (
				F4F3F33E270FA02900FD3EA9 /* Preview Assets.xcassets */,
			);
			path = "Preview Content";
			sourceTree = "<group>";
		};
		F4F3F345270FA26600FD3EA9 /* Views */ = {
			isa = PBXGroup;
			children = (
				F4F3F339270FA02700FD3EA9 /* HomeView.swift */,
				F41F44B627128C2A00D4099E /* HomeViewRow.swift */,
				F4CA06922712F40B00CAD589 /* LessonContentView.swift */,
				F4CA06942713187600CAD589 /* LessonContentViewRow.swift */,
				F4CA06962713275700CAD589 /* LessonContentDetail.swift */,
				F4D857D12714662A00AD0EB3 /* MapView.swift */,
				F4D857D3271469A600AD0EB3 /* CodeTextView.swift */,
				F48854A8271725D4004F4B08 /* RetangleCard.swift */,
				F48854AA27172DA4004F4B08 /* TestView.swift */,
			);
			path = Views;
			sourceTree = "<group>";
		};
		F4F3F346270FA26C00FD3EA9 /* ViewModels */ = {
			isa = PBXGroup;
			children = (
				F4F3F34A270FA2BE00FD3EA9 /* ContentModel.swift */,
			);
			path = ViewModels;
			sourceTree = "<group>";
		};
		F4F3F347270FA27500FD3EA9 /* Models */ = {
			isa = PBXGroup;
			children = (
				F4F3F352270FAA5700FD3EA9 /* Module.swift */,
			);
			path = Models;
			sourceTree = "<group>";
		};
		F4F3F348270FA28100FD3EA9 /* Resources */ = {
			isa = PBXGroup;
			children = (
				F4F3F34C270FA55C00FD3EA9 /* data.json */,
				F4F3F34D270FA55C00FD3EA9 /* style.html */,
				F4CA069B27132DC600CAD589 /* Constants.swift */,
			);
			path = Resources;
			sourceTree = "<group>";
		};
		F4F3F349270FA29000FD3EA9 /* Helpers */ = {
			isa = PBXGroup;
			children = (
			);
			path = Helpers;
			sourceTree = "<group>";
		};
/* End PBXGroup section */

/* Begin PBXNativeTarget section */
		F4F3F333270FA02700FD3EA9 /* LearnApp */ = {
			isa = PBXNativeTarget;
			buildConfigurationList = F4F3F342270FA02900FD3EA9 /* Build configuration list for PBXNativeTarget "LearnApp" */;
			buildPhases = (
				F4F3F330270FA02700FD3EA9 /* Sources */,
				F4F3F331270FA02700FD3EA9 /* Frameworks */,
				F4F3F332270FA02700FD3EA9 /* Resources */,
			);
			buildRules = (
			);
			dependencies = (
			);
			name = LearnApp;
			productName = LearnApp;
			productReference = F4F3F334270FA02700FD3EA9 /* LearnApp.app */;
			productType = "com.apple.product-type.application";
		};
/* End PBXNativeTarget section */

/* Begin PBXProject section */
		F4F3F32C270FA02700FD3EA9 /* Project object */ = {
			isa = PBXProject;
			attributes = {
				BuildIndependentTargetsInParallel = 1;
				LastSwiftUpdateCheck = 1300;
				LastUpgradeCheck = 1300;
				TargetAttributes = {
					F4F3F333270FA02700FD3EA9 = {
						CreatedOnToolsVersion = 13.0;
					};
				};
			};
			buildConfigurationList = F4F3F32F270FA02700FD3EA9 /* Build configuration list for PBXProject "LearnApp" */;
			compatibilityVersion = "Xcode 13.0";
			developmentRegion = en;
			hasScannedForEncodings = 0;
			knownRegions = (
				en,
				Base,
			);
			mainGroup = F4F3F32B270FA02700FD3EA9;
			productRefGroup = F4F3F335270FA02700FD3EA9 /* Products */;
			projectDirPath = "";
			projectRoot = "";
			targets = (
				F4F3F333270FA02700FD3EA9 /* LearnApp */,
			);
		};
/* End PBXProject section */

/* Begin PBXResourcesBuildPhase section */
		F4F3F332270FA02700FD3EA9 /* Resources */ = {
			isa = PBXResourcesBuildPhase;
			buildActionMask = 2147483647;
			files = (
				F4F3F33F270FA02900FD3EA9 /* Preview Assets.xcassets in Resources */,
				F4F3F34E270FA55C00FD3EA9 /* data.json in Resources */,
				F4F3F34F270FA55C00FD3EA9 /* style.html in Resources */,
				F4F3F33C270FA02900FD3EA9 /* Assets.xcassets in Resources */,
			);
			runOnlyForDeploymentPostprocessing = 0;
		};
/* End PBXResourcesBuildPhase section */

/* Begin PBXSourcesBuildPhase section */
		F4F3F330270FA02700FD3EA9 /* Sources */ = {
			isa = PBXSourcesBuildPhase;
			buildActionMask = 2147483647;
			files = (
				F4F3F33A270FA02700FD3EA9 /* HomeView.swift in Sources */,
				F48854A9271725D4004F4B08 /* RetangleCard.swift in Sources */,
				F41F44B727128C2A00D4099E /* HomeViewRow.swift in Sources */,
				F4F3F338270FA02700FD3EA9 /* LearningApp.swift in Sources */,
				F4F3F34B270FA2BE00FD3EA9 /* ContentModel.swift in Sources */,
				F4F3F353270FAA5700FD3EA9 /* Module.swift in Sources */,
				F4CA06952713187600CAD589 /* LessonContentViewRow.swift in Sources */,
				F4CA06972713275700CAD589 /* LessonContentDetail.swift in Sources */,
				F4D857D22714662A00AD0EB3 /* MapView.swift in Sources */,
				F4CA06932712F40B00CAD589 /* LessonContentView.swift in Sources */,
				F4CA069C27132DC600CAD589 /* Constants.swift in Sources */,
				F48854AB27172DA4004F4B08 /* TestView.swift in Sources */,
				F4D857D4271469A600AD0EB3 /* CodeTextView.swift in Sources */,
			);
			runOnlyForDeploymentPostprocessing = 0;
		};
/* End PBXSourcesBuildPhase section */

/* Begin XCBuildConfiguration section */
		F4F3F340270FA02900FD3EA9 /* Debug */ = {
			isa = XCBuildConfiguration;
			buildSettings = {
				ALWAYS_SEARCH_USER_PATHS = NO;
				CLANG_ANALYZER_NONNULL = YES;
				CLANG_ANALYZER_NUMBER_OBJECT_CONVERSION = YES_AGGRESSIVE;
				CLANG_CXX_LANGUAGE_STANDARD = "gnu++17";
				CLANG_CXX_LIBRARY = "libc++";
				CLANG_ENABLE_MODULES = YES;
				CLANG_ENABLE_OBJC_ARC = YES;
				CLANG_ENABLE_OBJC_WEAK = YES;
				CLANG_WARN_BLOCK_CAPTURE_AUTORELEASING = YES;
				CLANG_WARN_BOOL_CONVERSION = YES;
				CLANG_WARN_COMMA = YES;
				CLANG_WARN_CONSTANT_CONVERSION = YES;
				CLANG_WARN_DEPRECATED_OBJC_IMPLEMENTATIONS = YES;
				CLANG_WARN_DIRECT_OBJC_ISA_USAGE = YES_ERROR;
				CLANG_WARN_DOCUMENTATION_COMMENTS = YES;
				CLANG_WARN_EMPTY_BODY = YES;
				CLANG_WARN_ENUM_CONVERSION = YES;
				CLANG_WARN_INFINITE_RECURSION = YES;
				CLANG_WARN_INT_CONVERSION = YES;
				CLANG_WARN_NON_LITERAL_NULL_CONVERSION = YES;
				CLANG_WARN_OBJC_IMPLICIT_RETAIN_SELF = YES;
				CLANG_WARN_OBJC_LITERAL_CONVERSION = YES;
				CLANG_WARN_OBJC_ROOT_CLASS = YES_ERROR;
				CLANG_WARN_QUOTED_INCLUDE_IN_FRAMEWORK_HEADER = YES;
				CLANG_WARN_RANGE_LOOP_ANALYSIS = YES;
				CLANG_WARN_STRICT_PROTOTYPES = YES;
				CLANG_WARN_SUSPICIOUS_MOVE = YES;
				CLANG_WARN_UNGUARDED_AVAILABILITY = YES_AGGRESSIVE;
				CLANG_WARN_UNREACHABLE_CODE = YES;
				CLANG_WARN__DUPLICATE_METHOD_MATCH = YES;
				COPY_PHASE_STRIP = NO;
				DEBUG_INFORMATION_FORMAT = dwarf;
				ENABLE_STRICT_OBJC_MSGSEND = YES;
				ENABLE_TESTABILITY = YES;
				GCC_C_LANGUAGE_STANDARD = gnu11;
				GCC_DYNAMIC_NO_PIC = NO;
				GCC_NO_COMMON_BLOCKS = YES;
				GCC_OPTIMIZATION_LEVEL = 0;
				GCC_PREPROCESSOR_DEFINITIONS = (
					"DEBUG=1",
					"$(inherited)",
				);
				GCC_WARN_64_TO_32_BIT_CONVERSION = YES;
				GCC_WARN_ABOUT_RETURN_TYPE = YES_ERROR;
				GCC_WARN_UNDECLARED_SELECTOR = YES;
				GCC_WARN_UNINITIALIZED_AUTOS = YES_AGGRESSIVE;
				GCC_WARN_UNUSED_FUNCTION = YES;
				GCC_WARN_UNUSED_VARIABLE = YES;
				IPHONEOS_DEPLOYMENT_TARGET = 15.0;
				MTL_ENABLE_DEBUG_INFO = INCLUDE_SOURCE;
				MTL_FAST_MATH = YES;
				ONLY_ACTIVE_ARCH = YES;
				SDKROOT = iphoneos;
				SWIFT_ACTIVE_COMPILATION_CONDITIONS = DEBUG;
				SWIFT_OPTIMIZATION_LEVEL = "-Onone";
			};
			name = Debug;
		};
		F4F3F341270FA02900FD3EA9 /* Release */ = {
			isa = XCBuildConfiguration;
			buildSettings = {
				ALWAYS_SEARCH_USER_PATHS = NO;
				CLANG_ANALYZER_NONNULL = YES;
				CLANG_ANALYZER_NUMBER_OBJECT_CONVERSION = YES_AGGRESSIVE;
				CLANG_CXX_LANGUAGE_STANDARD = "gnu++17";
				CLANG_CXX_LIBRARY = "libc++";
				CLANG_ENABLE_MODULES = YES;
				CLANG_ENABLE_OBJC_ARC = YES;
				CLANG_ENABLE_OBJC_WEAK = YES;
				CLANG_WARN_BLOCK_CAPTURE_AUTORELEASING = YES;
				CLANG_WARN_BOOL_CONVERSION = YES;
				CLANG_WARN_COMMA = YES;
				CLANG_WARN_CONSTANT_CONVERSION = YES;
				CLANG_WARN_DEPRECATED_OBJC_IMPLEMENTATIONS = YES;
				CLANG_WARN_DIRECT_OBJC_ISA_USAGE = YES_ERROR;
				CLANG_WARN_DOCUMENTATION_COMMENTS = YES;
				CLANG_WARN_EMPTY_BODY = YES;
				CLANG_WARN_ENUM_CONVERSION = YES;
				CLANG_WARN_INFINITE_RECURSION = YES;
				CLANG_WARN_INT_CONVERSION = YES;
				CLANG_WARN_NON_LITERAL_NULL_CONVERSION = YES;
				CLANG_WARN_OBJC_IMPLICIT_RETAIN_SELF = YES;
				CLANG_WARN_OBJC_LITERAL_CONVERSION = YES;
				CLANG_WARN_OBJC_ROOT_CLASS = YES_ERROR;
				CLANG_WARN_QUOTED_INCLUDE_IN_FRAMEWORK_HEADER = YES;
				CLANG_WARN_RANGE_LOOP_ANALYSIS = YES;
				CLANG_WARN_STRICT_PROTOTYPES = YES;
				CLANG_WARN_SUSPICIOUS_MOVE = YES;
				CLANG_WARN_UNGUARDED_AVAILABILITY = YES_AGGRESSIVE;
				CLANG_WARN_UNREACHABLE_CODE = YES;
				CLANG_WARN__DUPLICATE_METHOD_MATCH = YES;
				COPY_PHASE_STRIP = NO;
				DEBUG_INFORMATION_FORMAT = "dwarf-with-dsym";
				ENABLE_NS_ASSERTIONS = NO;
				ENABLE_STRICT_OBJC_MSGSEND = YES;
				GCC_C_LANGUAGE_STANDARD = gnu11;
				GCC_NO_COMMON_BLOCKS = YES;
				GCC_WARN_64_TO_32_BIT_CONVERSION = YES;
				GCC_WARN_ABOUT_RETURN_TYPE = YES_ERROR;
				GCC_WARN_UNDECLARED_SELECTOR = YES;
				GCC_WARN_UNINITIALIZED_AUTOS = YES_AGGRESSIVE;
				GCC_WARN_UNUSED_FUNCTION = YES;
				GCC_WARN_UNUSED_VARIABLE = YES;
				IPHONEOS_DEPLOYMENT_TARGET = 15.0;
				MTL_ENABLE_DEBUG_INFO = NO;
				MTL_FAST_MATH = YES;
				SDKROOT = iphoneos;
				SWIFT_COMPILATION_MODE = wholemodule;
				SWIFT_OPTIMIZATION_LEVEL = "-O";
				VALIDATE_PRODUCT = YES;
			};
			name = Release;
		};
		F4F3F343270FA02900FD3EA9 /* Debug */ = {
			isa = XCBuildConfiguration;
			buildSettings = {
				ASSETCATALOG_COMPILER_APPICON_NAME = AppIcon;
				ASSETCATALOG_COMPILER_GLOBAL_ACCENT_COLOR_NAME = AccentColor;
				CODE_SIGN_STYLE = Automatic;
				CURRENT_PROJECT_VERSION = 1;
				DEVELOPMENT_ASSET_PATHS = "\"LearnApp/Preview Content\"";
				DEVELOPMENT_TEAM = VH45W9WQ45;
				ENABLE_PREVIEWS = YES;
				GENERATE_INFOPLIST_FILE = YES;
				INFOPLIST_KEY_UIApplicationSceneManifest_Generation = YES;
				INFOPLIST_KEY_UIApplicationSupportsIndirectInputEvents = YES;
				INFOPLIST_KEY_UILaunchScreen_Generation = YES;
				INFOPLIST_KEY_UISupportedInterfaceOrientations_iPad = "UIInterfaceOrientationPortrait UIInterfaceOrientationPortraitUpsideDown UIInterfaceOrientationLandscapeLeft UIInterfaceOrientationLandscapeRight";
				INFOPLIST_KEY_UISupportedInterfaceOrientations_iPhone = "UIInterfaceOrientationPortrait UIInterfaceOrientationLandscapeLeft UIInterfaceOrientationLandscapeRight";
				IPHONEOS_DEPLOYMENT_TARGET = 14.0;
				LD_RUNPATH_SEARCH_PATHS = (
					"$(inherited)",
					"@executable_path/Frameworks",
				);
				MARKETING_VERSION = 1.0;
				PRODUCT_BUNDLE_IDENTIFIER = com.sustudio.LearnApp;
				PRODUCT_NAME = "$(TARGET_NAME)";
				SWIFT_EMIT_LOC_STRINGS = YES;
				SWIFT_VERSION = 5.0;
				TARGETED_DEVICE_FAMILY = 1;
			};
			name = Debug;
		};
		F4F3F344270FA02900FD3EA9 /* Release */ = {
			isa = XCBuildConfiguration;
			buildSettings = {
				ASSETCATALOG_COMPILER_APPICON_NAME = AppIcon;
				ASSETCATALOG_COMPILER_GLOBAL_ACCENT_COLOR_NAME = AccentColor;
				CODE_SIGN_STYLE = Automatic;
				CURRENT_PROJECT_VERSION = 1;
				DEVELOPMENT_ASSET_PATHS = "\"LearnApp/Preview Content\"";
				DEVELOPMENT_TEAM = VH45W9WQ45;
				ENABLE_PREVIEWS = YES;
				GENERATE_INFOPLIST_FILE = YES;
				INFOPLIST_KEY_UIApplicationSceneManifest_Generation = YES;
				INFOPLIST_KEY_UIApplicationSupportsIndirectInputEvents = YES;
				INFOPLIST_KEY_UILaunchScreen_Generation = YES;
				INFOPLIST_KEY_UISupportedInterfaceOrientations_iPad = "UIInterfaceOrientationPortrait UIInterfaceOrientationPortraitUpsideDown UIInterfaceOrientationLandscapeLeft UIInterfaceOrientationLandscapeRight";
				INFOPLIST_KEY_UISupportedInterfaceOrientations_iPhone = "UIInterfaceOrientationPortrait UIInterfaceOrientationLandscapeLeft UIInterfaceOrientationLandscapeRight";
				IPHONEOS_DEPLOYMENT_TARGET = 14.0;
				LD_RUNPATH_SEARCH_PATHS = (
					"$(inherited)",
					"@executable_path/Frameworks",
				);
				MARKETING_VERSION = 1.0;
				PRODUCT_BUNDLE_IDENTIFIER = com.sustudio.LearnApp;
				PRODUCT_NAME = "$(TARGET_NAME)";
				SWIFT_EMIT_LOC_STRINGS = YES;
				SWIFT_VERSION = 5.0;
				TARGETED_DEVICE_FAMILY = 1;
			};
			name = Release;
		};
/* End XCBuildConfiguration section */

/* Begin XCConfigurationList section */
		F4F3F32F270FA02700FD3EA9 /* Build configuration list for PBXProject "LearnApp" */ = {
			isa = XCConfigurationList;
			buildConfigurations = (
				F4F3F340270FA02900FD3EA9 /* Debug */,
				F4F3F341270FA02900FD3EA9 /* Release */,
			);
			defaultConfigurationIsVisible = 0;
			defaultConfigurationName = Release;
		};
		F4F3F342270FA02900FD3EA9 /* Build configuration list for PBXNativeTarget "LearnApp" */ = {
			isa = XCConfigurationList;
			buildConfigurations = (
				F4F3F343270FA02900FD3EA9 /* Debug */,
				F4F3F344270FA02900FD3EA9 /* Release */,
			);
			defaultConfigurationIsVisible = 0;
			defaultConfigurationName = Release;
		};
/* End XCConfigurationList section */
	};
	rootObject = F4F3F32C270FA02700FD3EA9 /* Project object */;
}
